// !$*UTF8*$!
{
	archiveVersion = 1;
	classes = {
	};
	objectVersion = 46;
	objects = {

/* Begin PBXBuildFile section */
		4C617C3C176F8F38002F105E /* Foundation.framework in Frameworks */ = {isa = PBXBuildFile; fileRef = 4C617C3B176F8F38002F105E /* Foundation.framework */; };
		4C617C3E176F8F38002F105E /* CoreGraphics.framework in Frameworks */ = {isa = PBXBuildFile; fileRef = 4C617C3D176F8F38002F105E /* CoreGraphics.framework */; };
		4C617C40176F8F38002F105E /* UIKit.framework in Frameworks */ = {isa = PBXBuildFile; fileRef = 4C617C3F176F8F38002F105E /* UIKit.framework */; };
		4C617C46176F8F38002F105E /* InfoPlist.strings in Resources */ = {isa = PBXBuildFile; fileRef = 4C617C44176F8F38002F105E /* InfoPlist.strings */; };
		4C617C48176F8F38002F105E /* main.m in Sources */ = {isa = PBXBuildFile; fileRef = 4C617C47176F8F38002F105E /* main.m */; };
		4C617C4C176F8F38002F105E /* AppDelegate.m in Sources */ = {isa = PBXBuildFile; fileRef = 4C617C4B176F8F38002F105E /* AppDelegate.m */; };
		4C617C4E176F8F38002F105E /* Images.xcassets in Resources */ = {isa = PBXBuildFile; fileRef = 4C617C4D176F8F38002F105E /* Images.xcassets */; };
		4C617C55176F8F38002F105E /* XCTest.framework in Frameworks */ = {isa = PBXBuildFile; fileRef = 4C617C54176F8F38002F105E /* XCTest.framework */; };
		4C617C56176F8F38002F105E /* Foundation.framework in Frameworks */ = {isa = PBXBuildFile; fileRef = 4C617C3B176F8F38002F105E /* Foundation.framework */; };
		4C617C57176F8F38002F105E /* UIKit.framework in Frameworks */ = {isa = PBXBuildFile; fileRef = 4C617C3F176F8F38002F105E /* UIKit.framework */; };
		4C617C5F176F8F38002F105E /* InfoPlist.strings in Resources */ = {isa = PBXBuildFile; fileRef = 4C617C5D176F8F38002F105E /* InfoPlist.strings */; };
		4C617C61176F8F38002F105E /* ImageViewProjectTests.m in Sources */ = {isa = PBXBuildFile; fileRef = 4C617C60176F8F38002F105E /* ImageViewProjectTests.m */; };
/* End PBXBuildFile section */

/* Begin PBXContainerItemProxy section */
		4C617C58176F8F38002F105E /* PBXContainerItemProxy */ = {
			isa = PBXContainerItemProxy;
			containerPortal = 4C617C30176F8F38002F105E /* Project object */;
			proxyType = 1;
			remoteGlobalIDString = 4C617C37176F8F38002F105E;
			remoteInfo = ImageViewProject;
		};
/* End PBXContainerItemProxy section */

/* Begin PBXFileReference section */
		4C617C38176F8F38002F105E /* ImageViewProject.app */ = {isa = PBXFileReference; explicitFileType = wrapper.application; includeInIndex = 0; path = ImageViewProject.app; sourceTree = BUILT_PRODUCTS_DIR; };
		4C617C3B176F8F38002F105E /* Foundation.framework */ = {isa = PBXFileReference; lastKnownFileType = wrapper.framework; name = Foundation.framework; path = System/Library/Frameworks/Foundation.framework; sourceTree = SDKROOT; };
		4C617C3D176F8F38002F105E /* CoreGraphics.framework */ = {isa = PBXFileReference; lastKnownFileType = wrapper.framework; name = CoreGraphics.framework; path = System/Library/Frameworks/CoreGraphics.framework; sourceTree = SDKROOT; };
		4C617C3F176F8F38002F105E /* UIKit.framework */ = {isa = PBXFileReference; lastKnownFileType = wrapper.framework; name = UIKit.framework; path = System/Library/Frameworks/UIKit.framework; sourceTree = SDKROOT; };
		4C617C43176F8F38002F105E /* ImageViewProject-Info.plist */ = {isa = PBXFileReference; lastKnownFileType = text.plist.xml; path = "ImageViewProject-Info.plist"; sourceTree = "<group>"; };
		4C617C45176F8F38002F105E /* en */ = {isa = PBXFileReference; lastKnownFileType = text.plist.strings; name = en; path = en.lproj/InfoPlist.strings; sourceTree = "<group>"; };
		4C617C47176F8F38002F105E /* main.m */ = {isa = PBXFileReference; lastKnownFileType = sourcecode.c.objc; path = main.m; sourceTree = "<group>"; };
		4C617C49176F8F38002F105E /* ImageViewProject-Prefix.pch */ = {isa = PBXFileReference; lastKnownFileType = sourcecode.c.h; path = "ImageViewProject-Prefix.pch"; sourceTree = "<group>"; };
		4C617C4A176F8F38002F105E /* AppDelegate.h */ = {isa = PBXFileReference; lastKnownFileType = sourcecode.c.h; path = AppDelegate.h; sourceTree = "<group>"; };
		4C617C4B176F8F38002F105E /* AppDelegate.m */ = {isa = PBXFileReference; lastKnownFileType = sourcecode.c.objc; path = AppDelegate.m; sourceTree = "<group>"; };
		4C617C4D176F8F38002F105E /* Images.xcassets */ = {isa = PBXFileReference; lastKnownFileType = folder.assetcatalog; path = Images.xcassets; sourceTree = "<group>"; };
		4C617C53176F8F38002F105E /* ImageViewProjectTests.xctest */ = {isa = PBXFileReference; explicitFileType = wrapper.cfbundle; includeInIndex = 0; path = ImageViewProjectTests.xctest; sourceTree = BUILT_PRODUCTS_DIR; };
		4C617C54176F8F38002F105E /* XCTest.framework */ = {isa = PBXFileReference; lastKnownFileType = wrapper.framework; name = XCTest.framework; path = Library/Frameworks/XCTest.framework; sourceTree = DEVELOPER_DIR; };
		4C617C5C176F8F38002F105E /* ImageViewProjectTests-Info.plist */ = {isa = PBXFileReference; lastKnownFileType = text.plist.xml; path = "ImageViewProjectTests-Info.plist"; sourceTree = "<group>"; };
		4C617C5E176F8F38002F105E /* en */ = {isa = PBXFileReference; lastKnownFileType = text.plist.strings; name = en; path = en.lproj/InfoPlist.strings; sourceTree = "<group>"; };
		4C617C60176F8F38002F105E /* ImageViewProjectTests.m */ = {isa = PBXFileReference; lastKnownFileType = sourcecode.c.objc; path = ImageViewProjectTests.m; sourceTree = "<group>"; };
/* End PBXFileReference section */

/* Begin PBXFrameworksBuildPhase section */
		4C617C35176F8F38002F105E /* Frameworks */ = {
			isa = PBXFrameworksBuildPhase;
			buildActionMask = 2147483647;
			files = (
				4C617C3E176F8F38002F105E /* CoreGraphics.framework in Frameworks */,
				4C617C40176F8F38002F105E /* UIKit.framework in Frameworks */,
				4C617C3C176F8F38002F105E /* Foundation.framework in Frameworks */,
			);
			runOnlyForDeploymentPostprocessing = 0;
		};
		4C617C50176F8F38002F105E /* Frameworks */ = {
			isa = PBXFrameworksBuildPhase;
			buildActionMask = 2147483647;
			files = (
				4C617C55176F8F38002F105E /* XCTest.framework in Frameworks */,
				4C617C57176F8F38002F105E /* UIKit.framework in Frameworks */,
				4C617C56176F8F38002F105E /* Foundation.framework in Frameworks */,
			);
			runOnlyForDeploymentPostprocessing = 0;
		};
/* End PBXFrameworksBuildPhase section */

/* Begin PBXGroup section */
		4C617C2F176F8F38002F105E = {
			isa = PBXGroup;
			children = (
				4C617C41176F8F38002F105E /* ImageViewProject */,
				4C617C5A176F8F38002F105E /* ImageViewProjectTests */,
				4C617C3A176F8F38002F105E /* Frameworks */,
				4C617C39176F8F38002F105E /* Products */,
			);
			sourceTree = "<group>";
		};
		4C617C39176F8F38002F105E /* Products */ = {
			isa = PBXGroup;
			children = (
				4C617C38176F8F38002F105E /* ImageViewProject.app */,
				4C617C53176F8F38002F105E /* ImageViewProjectTests.xctest */,
			);
			name = Products;
			sourceTree = "<group>";
		};
		4C617C3A176F8F38002F105E /* Frameworks */ = {
			isa = PBXGroup;
			children = (
				4C617C3B176F8F38002F105E /* Foundation.framework */,
				4C617C3D176F8F38002F105E /* CoreGraphics.framework */,
				4C617C3F176F8F38002F105E /* UIKit.framework */,
				4C617C54176F8F38002F105E /* XCTest.framework */,
			);
			name = Frameworks;
			sourceTree = "<group>";
		};
		4C617C41176F8F38002F105E /* ImageViewProject */ = {
			isa = PBXGroup;
			children = (
				4C617C4A176F8F38002F105E /* AppDelegate.h */,
				4C617C4B176F8F38002F105E /* AppDelegate.m */,
				4C617C4D176F8F38002F105E /* Images.xcassets */,
				4C617C42176F8F38002F105E /* Supporting Files */,
			);
			path = ImageViewProject;
			sourceTree = "<group>";
		};
		4C617C42176F8F38002F105E /* Supporting Files */ = {
			isa = PBXGroup;
			children = (
				4C617C43176F8F38002F105E /* ImageViewProject-Info.plist */,
				4C617C44176F8F38002F105E /* InfoPlist.strings */,
				4C617C47176F8F38002F105E /* main.m */,
				4C617C49176F8F38002F105E /* ImageViewProject-Prefix.pch */,
			);
			name = "Supporting Files";
			sourceTree = "<group>";
		};
		4C617C5A176F8F38002F105E /* ImageViewProjectTests */ = {
			isa = PBXGroup;
			children = (
				4C617C60176F8F38002F105E /* ImageViewProjectTests.m */,
				4C617C5B176F8F38002F105E /* Supporting Files */,
			);
			path = ImageViewProjectTests;
			sourceTree = "<group>";
		};
		4C617C5B176F8F38002F105E /* Supporting Files */ = {
			isa = PBXGroup;
			children = (
				4C617C5C176F8F38002F105E /* ImageViewProjectTests-Info.plist */,
				4C617C5D176F8F38002F105E /* InfoPlist.strings */,
			);
			name = "Supporting Files";
			sourceTree = "<group>";
		};
/* End PBXGroup section */

/* Begin PBXNativeTarget section */
		4C617C37176F8F38002F105E /* ImageViewProject */ = {
			isa = PBXNativeTarget;
			buildConfigurationList = 4C617C64176F8F38002F105E /* Build configuration list for PBXNativeTarget "ImageViewProject" */;
			buildPhases = (
				4C617C34176F8F38002F105E /* Sources */,
				4C617C35176F8F38002F105E /* Frameworks */,
				4C617C36176F8F38002F105E /* Resources */,
			);
			buildRules = (
			);
			dependencies = (
			);
			name = ImageViewProject;
			productName = ImageViewProject;
			productReference = 4C617C38176F8F38002F105E /* ImageViewProject.app */;
			productType = "com.apple.product-type.application";
		};
		4C617C52176F8F38002F105E /* ImageViewProjectTests */ = {
			isa = PBXNativeTarget;
			buildConfigurationList = 4C617C67176F8F38002F105E /* Build configuration list for PBXNativeTarget "ImageViewProjectTests" */;
			buildPhases = (
				4C617C4F176F8F38002F105E /* Sources */,
				4C617C50176F8F38002F105E /* Frameworks */,
				4C617C51176F8F38002F105E /* Resources */,
			);
			buildRules = (
			);
			dependencies = (
				4C617C59176F8F38002F105E /* PBXTargetDependency */,
			);
			name = ImageViewProjectTests;
			productName = ImageViewProjectTests;
			productReference = 4C617C53176F8F38002F105E /* ImageViewProjectTests.xctest */;
			productType = "com.apple.product-type.bundle.unit-test";
		};
/* End PBXNativeTarget section */

/* Begin PBXProject section */
		4C617C30176F8F38002F105E /* Project object */ = {
			isa = PBXProject;
			attributes = {
				LastUpgradeCheck = 0500;
				ORGANIZATIONNAME = "Hung FPT";
				TargetAttributes = {
					4C617C52176F8F38002F105E = {
						TestTargetID = 4C617C37176F8F38002F105E;
					};
				};
			};
			buildConfigurationList = 4C617C33176F8F38002F105E /* Build configuration list for PBXProject "ImageViewProject" */;
			compatibilityVersion = "Xcode 3.2";
			developmentRegion = English;
			hasScannedForEncodings = 0;
			knownRegions = (
				en,
			);
			mainGroup = 4C617C2F176F8F38002F105E;
			productRefGroup = 4C617C39176F8F38002F105E /* Products */;
			projectDirPath = "";
			projectRoot = "";
			targets = (
				4C617C37176F8F38002F105E /* ImageViewProject */,
				4C617C52176F8F38002F105E /* ImageViewProjectTests */,
			);
		};
/* End PBXProject section */

/* Begin PBXResourcesBuildPhase section */
		4C617C36176F8F38002F105E /* Resources */ = {
			isa = PBXResourcesBuildPhase;
			buildActionMask = 2147483647;
			files = (
				4C617C46176F8F38002F105E /* InfoPlist.strings in Resources */,
				4C617C4E176F8F38002F105E /* Images.xcassets in Resources */,
			);
			runOnlyForDeploymentPostprocessing = 0;
		};
		4C617C51176F8F38002F105E /* Resources */ = {
			isa = PBXResourcesBuildPhase;
			buildActionMask = 2147483647;
			files = (
				4C617C5F176F8F38002F105E /* InfoPlist.strings in Resources */,
			);
			runOnlyForDeploymentPostprocessing = 0;
		};
/* End PBXResourcesBuildPhase section */

/* Begin PBXSourcesBuildPhase section */
		4C617C34176F8F38002F105E /* Sources */ = {
			isa = PBXSourcesBuildPhase;
			buildActionMask = 2147483647;
			files = (
				4C617C4C176F8F38002F105E /* AppDelegate.m in Sources */,
				4C617C48176F8F38002F105E /* main.m in Sources */,
			);
			runOnlyForDeploymentPostprocessing = 0;
		};
		4C617C4F176F8F38002F105E /* Sources */ = {
			isa = PBXSourcesBuildPhase;
			buildActionMask = 2147483647;
			files = (
				4C617C61176F8F38002F105E /* ImageViewProjectTests.m in Sources */,
			);
			runOnlyForDeploymentPostprocessing = 0;
		};
/* End PBXSourcesBuildPhase section */

/* Begin PBXTargetDependency section */
		4C617C59176F8F38002F105E /* PBXTargetDependency */ = {
			isa = PBXTargetDependency;
			target = 4C617C37176F8F38002F105E /* ImageViewProject */;
			targetProxy = 4C617C58176F8F38002F105E /* PBXContainerItemProxy */;
		};
/* End PBXTargetDependency section */

/* Begin PBXVariantGroup section */
		4C617C44176F8F38002F105E /* InfoPlist.strings */ = {
			isa = PBXVariantGroup;
			children = (
				4C617C45176F8F38002F105E /* en */,
			);
			name = InfoPlist.strings;
			sourceTree = "<group>";
		};
		4C617C5D176F8F38002F105E /* InfoPlist.strings */ = {
			isa = PBXVariantGroup;
			children = (
				4C617C5E176F8F38002F105E /* en */,
			);
			name = InfoPlist.strings;
			sourceTree = "<group>";
		};
/* End PBXVariantGroup section */

/* Begin XCBuildConfiguration section */
		4C617C62176F8F38002F105E /* Debug */ = {
			isa = XCBuildConfiguration;
			buildSettings = {
				ALWAYS_SEARCH_USER_PATHS = NO;
				CLANG_CXX_LANGUAGE_STANDARD = "gnu++0x";
				CLANG_CXX_LIBRARY = "libc++";
				CLANG_ENABLE_MODULES = YES;
				CLANG_ENABLE_OBJC_ARC = YES;
				CLANG_WARN_BOOL_CONVERSION = YES;
				CLANG_WARN_CONSTANT_CONVERSION = YES;
				CLANG_WARN_DIRECT_OBJC_ISA_USAGE = YES_ERROR;
				CLANG_WARN_EMPTY_BODY = YES;
				CLANG_WARN_ENUM_CONVERSION = YES;
				CLANG_WARN_INT_CONVERSION = YES;
				CLANG_WARN_OBJC_ROOT_CLASS = YES_ERROR;
				CLANG_WARN__DUPLICATE_METHOD_MATCH = YES;
				"CODE_SIGN_IDENTITY[sdk=iphoneos*]" = "iPhone Developer";
				COPY_PHASE_STRIP = NO;
				GCC_C_LANGUAGE_STANDARD = gnu99;
				GCC_DYNAMIC_NO_PIC = NO;
				GCC_OPTIMIZATION_LEVEL = 0;
				GCC_PREPROCESSOR_DEFINITIONS = (
					"DEBUG=1",
					"$(inherited)",
				);
				GCC_SYMBOLS_PRIVATE_EXTERN = NO;
				GCC_WARN_ABOUT_RETURN_TYPE = YES_ERROR;
				GCC_WARN_UNDECLARED_SELECTOR = YES;
				GCC_WARN_UNINITIALIZED_AUTOS = YES;
				GCC_WARN_UNUSED_FUNCTION = YES;
				GCC_WARN_UNUSED_VARIABLE = YES;
				IPHONEOS_DEPLOYMENT_TARGET = 7.0;
				ONLY_ACTIVE_ARCH = YES;
				SDKROOT = iphoneos;
				TARGETED_DEVICE_FAMILY = "1,2";
			};
			name = Debug;
		};
		4C617C63176F8F38002F105E /* Release */ = {
			isa = XCBuildConfiguration;
			buildSettings = {
				ALWAYS_SEARCH_USER_PATHS = NO;
				CLANG_CXX_LANGUAGE_STANDARD = "gnu++0x";
				CLANG_CXX_LIBRARY = "libc++";
				CLANG_ENABLE_MODULES = YES;
				CLANG_ENABLE_OBJC_ARC = YES;
				CLANG_WARN_BOOL_CONVERSION = YES;
				CLANG_WARN_CONSTANT_CONVERSION = YES;
				CLANG_WARN_DIRECT_OBJC_ISA_USAGE = YES_ERROR;
				CLANG_WARN_EMPTY_BODY = YES;
				CLANG_WARN_ENUM_CONVERSION = YES;
				CLANG_WARN_INT_CONVERSION = YES;
				CLANG_WARN_OBJC_ROOT_CLASS = YES_ERROR;
				CLANG_WARN__DUPLICATE_METHOD_MATCH = YES;
				"CODE_SIGN_IDENTITY[sdk=iphoneos*]" = "iPhone Developer";
				COPY_PHASE_STRIP = YES;
				ENABLE_NS_ASSERTIONS = NO;
				GCC_C_LANGUAGE_STANDARD = gnu99;
				GCC_WARN_ABOUT_RETURN_TYPE = YES_ERROR;
				GCC_WARN_UNDECLARED_SELECTOR = YES;
				GCC_WARN_UNINITIALIZED_AUTOS = YES;
				GCC_WARN_UNUSED_FUNCTION = YES;
				GCC_WARN_UNUSED_VARIABLE = YES;
				IPHONEOS_DEPLOYMENT_TARGET = 7.0;
				SDKROOT = iphoneos;
				TARGETED_DEVICE_FAMILY = "1,2";
				VALIDATE_PRODUCT = YES;
			};
			name = Release;
		};
		4C617C65176F8F38002F105E /* Debug */ = {
			isa = XCBuildConfiguration;
			buildSettings = {
				ASSETCATALOG_COMPILER_APPICON_NAME = AppIcon;
				ASSETCATALOG_COMPILER_LAUNCHIMAGE_NAME = LaunchImage;
				GCC_PRECOMPILE_PREFIX_HEADER = YES;
				GCC_PREFIX_HEADER = "ImageViewProject/ImageViewProject-Prefix.pch";
				INFOPLIST_FILE = "ImageViewProject/ImageViewProject-Info.plist";
				PRODUCT_NAME = "$(TARGET_NAME)";
				WRAPPER_EXTENSION = app;
			};
			name = Debug;
		};
		4C617C66176F8F38002F105E /* Release */ = {
			isa = XCBuildConfiguration;
			buildSettings = {
				ASSETCATALOG_COMPILER_APPICON_NAME = AppIcon;
				ASSETCATALOG_COMPILER_LAUNCHIMAGE_NAME = LaunchImage;
				GCC_PRECOMPILE_PREFIX_HEADER = YES;
				GCC_PREFIX_HEADER = "ImageViewProject/ImageViewProject-Prefix.pch";
				INFOPLIST_FILE = "ImageViewProject/ImageViewProject-Info.plist";
				PRODUCT_NAME = "$(TARGET_NAME)";
				WRAPPER_EXTENSION = app;
			};
			name = Release;
		};
		4C617C68176F8F38002F105E /* Debug */ = {
			isa = XCBuildConfiguration;
			buildSettings = {
				BUNDLE_LOADER = "$(BUILT_PRODUCTS_DIR)/ImageViewProject.app/ImageViewProject";
				FRAMEWORK_SEARCH_PATHS = (
					"$(SDKROOT)/Developer/Library/Frameworks",
					"$(inherited)",
					"$(SYSTEM_APPS_DIR)/Xcode5-DP.app/Contents/Developer/Library/Frameworks",
				);
				GCC_PRECOMPILE_PREFIX_HEADER = YES;
				GCC_PREFIX_HEADER = "ImageViewProject/ImageViewProject-Prefix.pch";
				GCC_PREPROCESSOR_DEFINITIONS = (
					"DEBUG=1",
					"$(inherited)",
				);
				INFOPLIST_FILE = "ImageViewProjectTests/ImageViewProjectTests-Info.plist";
				PRODUCT_NAME = "$(TARGET_NAME)";
				TEST_HOST = "$(BUNDLE_LOADER)";
				WRAPPER_EXTENSION = xctest;
			};
			name = Debug;
		};
		4C617C69176F8F38002F105E /* Release */ = {
			isa = XCBuildConfiguration;
			buildSettings = {
				BUNDLE_LOADER = "$(BUILT_PRODUCTS_DIR)/ImageViewProject.app/ImageViewProject";
				FRAMEWORK_SEARCH_PATHS = (
					"$(SDKROOT)/Developer/Library/Frameworks",
					"$(inherited)",
					"$(SYSTEM_APPS_DIR)/Xcode5-DP.app/Contents/Developer/Library/Frameworks",
				);
				GCC_PRECOMPILE_PREFIX_HEADER = YES;
				GCC_PREFIX_HEADER = "ImageViewProject/ImageViewProject-Prefix.pch";
				INFOPLIST_FILE = "ImageViewProjectTests/ImageViewProjectTests-Info.plist";
				PRODUCT_NAME = "$(TARGET_NAME)";
				TEST_HOST = "$(BUNDLE_LOADER)";
				WRAPPER_EXTENSION = xctest;
			};
			name = Release;
		};
/* End XCBuildConfiguration section */

/* Begin XCConfigurationList section */
		4C617C33176F8F38002F105E /* Build configuration list for PBXProject "ImageViewProject" */ = {
			isa = XCConfigurationList;
			buildConfigurations = (
				4C617C62176F8F38002F105E /* Debug */,
				4C617C63176F8F38002F105E /* Release */,
			);
			defaultConfigurationIsVisible = 0;
			defaultConfigurationName = Release;
		};
		4C617C64176F8F38002F105E /* Build configuration list for PBXNativeTarget "ImageViewProject" */ = {
			isa = XCConfigurationList;
			buildConfigurations = (
				4C617C65176F8F38002F105E /* Debug */,
				4C617C66176F8F38002F105E /* Release */,
			);
			defaultConfigurationIsVisible = 0;
		};
		4C617C67176F8F38002F105E /* Build configuration list for PBXNativeTarget "ImageViewProjectTests" */ = {
			isa = XCConfigurationList;
			buildConfigurations = (
				4C617C68176F8F38002F105E /* Debug */,
				4C617C69176F8F38002F105E /* Release */,
			);
			defaultConfigurationIsVisible = 0;
		};
/* End XCConfigurationList section */
	};
	rootObject = 4C617C30176F8F38002F105E /* Project object */;
}
